
Microsoft Visual Studio Solution File, Format Version 12.00
# Visual Studio Version 17
VisualStudioVersion = 17.11.35312.102
MinimumVisualStudioVersion = 10.0.40219.1
Project("{9A19103F-16F7-4668-BE54-9A1E7A4F7556}") = "XUnitAutoFixtureRepro", "XUnitAutoFixtureRepro.csproj", "{7AD23FB1-5595-4E02-BFFD-26F38D4B1E49}"
EndProject
Global
	GlobalSection(SolutionConfigurationPlatforms) = preSolution
		Debug|Any CPU = Debug|Any CPU
		Release|Any CPU = Release|Any CPU
	EndGlobalSection
	GlobalSection(ProjectConfigurationPlatforms) = postSolution
		{7AD23FB1-5595-4E02-BFFD-26F38D4B1E49}.Debug|Any CPU.ActiveCfg = Debug|Any CPU
		{7AD23FB1-5595-4E02-BFFD-26F38D4B1E49}.Debug|Any CPU.Build.0 = Debug|Any CPU
		{7AD23FB1-5595-4E02-BFFD-26F38D4B1E49}.Release|Any CPU.ActiveCfg = Release|Any CPU
		{7AD23FB1-5595-4E02-BFFD-26F38D4B1E49}.Release|Any CPU.Build.0 = Release|Any CPU
	EndGlobalSection
	GlobalSection(SolutionProperties) = preSolution
		HideSolutionNode = FALSE
	EndGlobalSection
	GlobalSection(ExtensibilityGlobals) = postSolution
		SolutionGuid = {A5DE7218-8CF9-491D-A943-B2DC355FD8EA}
	EndGlobalSection
EndGlobal
